
Microsoft Visual Studio Solution File, Format Version 12.00
# Visual Studio 2013
VisualStudioVersion = 12.0.40629.0
MinimumVisualStudioVersion = 10.0.40219.1
Project("{FAE04EC0-301F-11D3-BF4B-00C04F79EFBC}") = "SignalR.Tests.Common", "SignalR.Tests.Common\SignalR.Tests.Common.csproj", "{ED9F3F35-D790-4AFA-835A-93CC031BF309}"
EndProject
Project("{FAE04EC0-301F-11D3-BF4B-00C04F79EFBC}") = "SignalR.FunctionalTests", "SignalR.FunctionalTests\SignalR.FunctionalTests.csproj", "{08CE6083-CD06-459A-919F-807D98B0FBA5}"
EndProject
Project("{2150E333-8FDC-42A3-9474-1A3956D46DE8}") = "Solution Items", "Solution Items", "{999CEA99-8A15-41D9-B8DE-E3AF35AFC39D}"
	ProjectSection(SolutionItems) = preProject
		appveyor.yml = appveyor.yml
	EndProjectSection
EndProject
Global
	GlobalSection(SolutionConfigurationPlatforms) = preSolution
		Debug|Any CPU = Debug|Any CPU
		Debug|ARM = Debug|ARM
		Debug|x64 = Debug|x64
		Debug|x86 = Debug|x86
		Release|Any CPU = Release|Any CPU
		Release|ARM = Release|ARM
		Release|x64 = Release|x64
		Release|x86 = Release|x86
	EndGlobalSection
	GlobalSection(ProjectConfigurationPlatforms) = postSolution
		{ED9F3F35-D790-4AFA-835A-93CC031BF309}.Debug|Any CPU.ActiveCfg = Debug|Any CPU
		{ED9F3F35-D790-4AFA-835A-93CC031BF309}.Debug|Any CPU.Build.0 = Debug|Any CPU
		{ED9F3F35-D790-4AFA-835A-93CC031BF309}.Debug|ARM.ActiveCfg = Debug|Any CPU
		{ED9F3F35-D790-4AFA-835A-93CC031BF309}.Debug|x64.ActiveCfg = Debug|Any CPU
		{ED9F3F35-D790-4AFA-835A-93CC031BF309}.Debug|x86.ActiveCfg = Debug|Any CPU
		{ED9F3F35-D790-4AFA-835A-93CC031BF309}.Release|Any CPU.ActiveCfg = Release|Any CPU
		{ED9F3F35-D790-4AFA-835A-93CC031BF309}.Release|Any CPU.Build.0 = Release|Any CPU
		{ED9F3F35-D790-4AFA-835A-93CC031BF309}.Release|ARM.ActiveCfg = Release|Any CPU
		{ED9F3F35-D790-4AFA-835A-93CC031BF309}.Release|x64.ActiveCfg = Release|Any CPU
		{ED9F3F35-D790-4AFA-835A-93CC031BF309}.Release|x86.ActiveCfg = Release|Any CPU
		{08CE6083-CD06-459A-919F-807D98B0FBA5}.Debug|Any CPU.ActiveCfg = Debug|Any CPU
		{08CE6083-CD06-459A-919F-807D98B0FBA5}.Debug|Any CPU.Build.0 = Debug|Any CPU
		{08CE6083-CD06-459A-919F-807D98B0FBA5}.Debug|ARM.ActiveCfg = Debug|Any CPU
		{08CE6083-CD06-459A-919F-807D98B0FBA5}.Debug|x64.ActiveCfg = Debug|Any CPU
		{08CE6083-CD06-459A-919F-807D98B0FBA5}.Debug|x86.ActiveCfg = Debug|Any CPU
		{08CE6083-CD06-459A-919F-807D98B0FBA5}.Release|Any CPU.ActiveCfg = Release|Any CPU
		{08CE6083-CD06-459A-919F-807D98B0FBA5}.Release|Any CPU.Build.0 = Release|Any CPU
		{08CE6083-CD06-459A-919F-807D98B0FBA5}.Release|ARM.ActiveCfg = Release|Any CPU
		{08CE6083-CD06-459A-919F-807D98B0FBA5}.Release|x64.ActiveCfg = Release|Any CPU
		{08CE6083-CD06-459A-919F-807D98B0FBA5}.Release|x86.ActiveCfg = Release|Any CPU
	EndGlobalSection
	GlobalSection(SolutionProperties) = preSolution
		HideSolutionNode = FALSE
	EndGlobalSection
EndGlobal
